
Microsoft Visual Studio Solution File, Format Version 12.00
# Visual Studio Version 17
VisualStudioVersion = 17.1.32228.430
MinimumVisualStudioVersion = 10.0.40219.1
Project("{FAE04EC0-301F-11D3-BF4B-00C04F79EFBC}") = "Methods_Linq", "Methods_Linq\Methods_Linq.csproj", "{1FAF6623-184C-48CC-8448-AD41592563B3}"
EndProject
Global
	GlobalSection(SolutionConfigurationPlatforms) = preSolution
		Debug|Any CPU = Debug|Any CPU
		Release|Any CPU = Release|Any CPU
	EndGlobalSection
	GlobalSection(ProjectConfigurationPlatforms) = postSolution
		{1FAF6623-184C-48CC-8448-AD41592563B3}.Debug|Any CPU.ActiveCfg = Debug|Any CPU
		{1FAF6623-184C-48CC-8448-AD41592563B3}.Debug|Any CPU.Build.0 = Debug|Any CPU
		{1FAF6623-184C-48CC-8448-AD41592563B3}.Release|Any CPU.ActiveCfg = Release|Any CPU
		{1FAF6623-184C-48CC-8448-AD41592563B3}.Release|Any CPU.Build.0 = Release|Any CPU
	EndGlobalSection
	GlobalSection(SolutionProperties) = preSolution
		HideSolutionNode = FALSE
	EndGlobalSection
	GlobalSection(ExtensibilityGlobals) = postSolution
		SolutionGuid = {85B63956-3394-4482-8A28-5B5F74877C86}
	EndGlobalSection
EndGlobal
