
Microsoft Visual Studio Solution File, Format Version 12.00
# Visual Studio Version 17
VisualStudioVersion = 17.1.32228.430
MinimumVisualStudioVersion = 10.0.40219.1
Project("{FAE04EC0-301F-11D3-BF4B-00C04F79EFBC}") = "linq", "linq\linq.csproj", "{13E29062-05E3-4D10-AD65-C1088D122480}"
EndProject
Global
	GlobalSection(SolutionConfigurationPlatforms) = preSolution
		Debug|Any CPU = Debug|Any CPU
		Release|Any CPU = Release|Any CPU
	EndGlobalSection
	GlobalSection(ProjectConfigurationPlatforms) = postSolution
		{13E29062-05E3-4D10-AD65-C1088D122480}.Debug|Any CPU.ActiveCfg = Debug|Any CPU
		{13E29062-05E3-4D10-AD65-C1088D122480}.Debug|Any CPU.Build.0 = Debug|Any CPU
		{13E29062-05E3-4D10-AD65-C1088D122480}.Release|Any CPU.ActiveCfg = Release|Any CPU
		{13E29062-05E3-4D10-AD65-C1088D122480}.Release|Any CPU.Build.0 = Release|Any CPU
	EndGlobalSection
	GlobalSection(SolutionProperties) = preSolution
		HideSolutionNode = FALSE
	EndGlobalSection
	GlobalSection(ExtensibilityGlobals) = postSolution
		SolutionGuid = {2C14602D-EF7B-4F63-AC59-842911D99BB9}
	EndGlobalSection
EndGlobal
